Microsoft Visual Studio Solution File, Format Version 12.00
# Visual Studio Version 17
VisualStudioVersion = 17.5.2.0
MinimumVisualStudioVersion = 10.0.40219.1
Project("{FAE04EC0-301F-11D3-BF4B-00C04F79EFBC}") = "ex1area", "ex1area.csproj", "{AF29619C-4282-2274-18A0-3BA2BE5C56F6}"
EndProject
Global
	GlobalSection(SolutionConfigurationPlatforms) = preSolution
		Debug|Any CPU = Debug|Any CPU
		Release|Any CPU = Release|Any CPU
	EndGlobalSection
	GlobalSection(ProjectConfigurationPlatforms) = postSolution
		{AF29619C-4282-2274-18A0-3BA2BE5C56F6}.Debug|Any CPU.ActiveCfg = Debug|Any CPU
		{AF29619C-4282-2274-18A0-3BA2BE5C56F6}.Debug|Any CPU.Build.0 = Debug|Any CPU
		{AF29619C-4282-2274-18A0-3BA2BE5C56F6}.Release|Any CPU.ActiveCfg = Release|Any CPU
		{AF29619C-4282-2274-18A0-3BA2BE5C56F6}.Release|Any CPU.Build.0 = Release|Any CPU
	EndGlobalSection
	GlobalSection(SolutionProperties) = preSolution
		HideSolutionNode = FALSE
	EndGlobalSection
	GlobalSection(ExtensibilityGlobals) = postSolution
		SolutionGuid = {1159EB13-8EB3-45BB-B44F-CD09D68866F7}
	EndGlobalSection
EndGlobal
